
Microsoft Visual Studio Solution File, Format Version 12.00
# Visual Studio Version 17
VisualStudioVersion = 17.8.34511.84
MinimumVisualStudioVersion = 10.0.40219.1
Project("{FAE04EC0-301F-11D3-BF4B-00C04F79EFBC}") = "mugtechblog", "mugtechblog.csproj", "{7F69E598-015D-46E5-94BA-7079157B290B}"
EndProject
Global
	GlobalSection(SolutionConfigurationPlatforms) = preSolution
		Debug|Any CPU = Debug|Any CPU
		Release|Any CPU = Release|Any CPU
	EndGlobalSection
	GlobalSection(ProjectConfigurationPlatforms) = postSolution
		{7F69E598-015D-46E5-94BA-7079157B290B}.Debug|Any CPU.ActiveCfg = Debug|Any CPU
		{7F69E598-015D-46E5-94BA-7079157B290B}.Debug|Any CPU.Build.0 = Debug|Any CPU
		{7F69E598-015D-46E5-94BA-7079157B290B}.Release|Any CPU.ActiveCfg = Release|Any CPU
		{7F69E598-015D-46E5-94BA-7079157B290B}.Release|Any CPU.Build.0 = Release|Any CPU
	EndGlobalSection
	GlobalSection(SolutionProperties) = preSolution
		HideSolutionNode = FALSE
	EndGlobalSection
	GlobalSection(ExtensibilityGlobals) = postSolution
		SolutionGuid = {308093D4-F67D-4DD4-9C03-5ECE7428188E}
	EndGlobalSection
EndGlobal
